# THIS IS AN AUTOGENERATED FILE. DO NOT EDIT THIS FILE DIRECTLY.
assets/styles.scss.liquid:
  development: 2018-06-22T17:57:19-04:00   e671707532c3645f49c3832ee782b865
assets/theme.js:
  development: 2018-06-22T17:05:49-04:00   89ce4c0431878c7949dda17ba3c0cbc3
config/settings_data.json:
  development: 2018-06-22T15:18:43-04:00   40e9d3a24a9f228749b7a10971cc01a8
config/settings_schema.json:
  development: 2018-06-22T16:16:21-04:00   22b45fd4c02097a611988991255cb687
layout/gift_card.liquid:
  development: 2018-06-22T14:50:46-04:00   4725523faab2c7c731d1e45b1aada8a4
layout/password.liquid:
  development: 2018-06-22T14:50:37-04:00   dc88d5fe63c61a527a3d2bf6d84632c4
layout/theme.liquid:
  development: 2018-06-22T17:02:26-04:00   372e87fd46769a83ccb6aa26ed5e26df
locales/en.default.json:
  development: 2018-06-22T14:51:00-04:00   becc5141ad406735f385f9d3ca40e1ec
sections/footer.liquid:
  development: 2018-06-22T15:29:06-04:00
sections/header.liquid:
  development: 2018-06-22T18:04:22-04:00   22ada4c5596c47e619e9a2cf85ef9be1
snippets/social-meta-tags.liquid:
  development: 2018-06-22T14:51:11-04:00   186cfd740d8f28d4a29d67edca191166
snippets/social-sharing.liquid:
  development: 2018-06-22T14:50:34-04:00   987f1d283ac10d7849dc69d76221e37a
templates/404.liquid:
  development: 2018-06-22T14:50:52-04:00   a345bd048463d3bb245873ed26a41a98
templates/article.liquid:
  development: 2018-06-22T14:51:10-04:00   ec87fba58209ee14f111a03ae698c2e7
templates/blog.liquid:
  development: 2018-06-22T14:51:02-04:00   bc280c79208eb43194ad8ec5a25b7582
templates/cart.liquid:
  development: 2018-06-22T14:50:44-04:00   19ecb0d8aa15548953688e1bd310c161
templates/collection.liquid:
  development: 2018-06-22T14:50:34-04:00   596b3bf06f49f3a7b252b9786f900985
templates/customers/account.liquid:
  development: 2018-06-22T14:50:29-04:00   4742bf0cc429943e699cbe9a0f528fa8
templates/customers/activate_account.liquid:
  development: 2018-06-22T14:51:02-04:00   919e5a2604ec8cf2f952977c40754fcb
templates/customers/addresses.liquid:
  development: 2018-06-22T14:50:59-04:00   0f56b09c4ea216e0446d360027c3069d
templates/customers/login.liquid:
  development: 2018-06-22T14:50:36-04:00   2e117c2b8681a8ddabbce6313337943f
templates/customers/order.liquid:
  development: 2018-06-22T14:51:04-04:00   97a230cba05826518856f52fe8c6bad5
templates/customers/register.liquid:
  development: 2018-06-22T14:50:45-04:00   4c4befde50619a13b8adf0a8b7faa517
templates/customers/reset_password.liquid:
  development: 2018-06-22T14:50:36-04:00   67ac343218226037659eba9a388072ee
templates/gift_card.liquid:
  development: 2018-06-22T14:50:55-04:00   a6a17cf007be28df20f8f1d7283dff4b
templates/index.liquid:
  development: 2018-06-22T14:27:41-04:00   56b51b6f96394db4b17c64b43e1c0010
templates/list-collections.liquid:
  development: 2018-06-22T14:50:28-04:00   ed249e9f85dafc3c5eafab21f7c39ec4
templates/page.contact.liquid:
  development: 2018-06-22T14:50:49-04:00   b284d08924f833433dbb50ae0cae4dcf
templates/page.liquid:
  development: 2018-06-22T14:51:11-04:00   300278d299a5171fee928f45c938cd54
templates/password.liquid:
  development: 2018-06-22T14:50:32-04:00   6fea9973142a897934666c389086bc16
templates/product.liquid:
  development: 2018-06-22T14:51:06-04:00   bf168821e5996ab8f9c6523fe25d5e4b
templates/search.liquid:
  development: 2018-06-22T14:50:47-04:00   6570ad02eb5ea0ec339993b9e4a2c05a
